
Microsoft Visual Studio Solution File, Format Version 12.00
# Visual Studio Version 17
VisualStudioVersion = 17.8.34408.163
MinimumVisualStudioVersion = 10.0.40219.1
Project("{9A19103F-16F7-4668-BE54-9A1E7A4F7556}") = "Loonfactory.Echo.UdpServer", "Loonfactory.Echo.UdpServer\Loonfactory.Echo.UdpServer.csproj", "{E191A77E-547D-42C0-887F-DD215C250AFF}"
EndProject
Project("{FAE04EC0-301F-11D3-BF4B-00C04F79EFBC}") = "Loonfactory.Echo.UdpClient", "Loonfactory.Echo.UdpClient\Loonfactory.Echo.UdpClient.csproj", "{F7E62E48-6B4A-4276-A8C4-1C95CEA8D0D0}"
EndProject
Global
	GlobalSection(SolutionConfigurationPlatforms) = preSolution
		Debug|Any CPU = Debug|Any CPU
		Release|Any CPU = Release|Any CPU
	EndGlobalSection
	GlobalSection(ProjectConfigurationPlatforms) = postSolution
		{E191A77E-547D-42C0-887F-DD215C250AFF}.Debug|Any CPU.ActiveCfg = Debug|Any CPU
		{E191A77E-547D-42C0-887F-DD215C250AFF}.Debug|Any CPU.Build.0 = Debug|Any CPU
		{E191A77E-547D-42C0-887F-DD215C250AFF}.Release|Any CPU.ActiveCfg = Release|Any CPU
		{E191A77E-547D-42C0-887F-DD215C250AFF}.Release|Any CPU.Build.0 = Release|Any CPU
		{F7E62E48-6B4A-4276-A8C4-1C95CEA8D0D0}.Debug|Any CPU.ActiveCfg = Debug|Any CPU
		{F7E62E48-6B4A-4276-A8C4-1C95CEA8D0D0}.Debug|Any CPU.Build.0 = Debug|Any CPU
		{F7E62E48-6B4A-4276-A8C4-1C95CEA8D0D0}.Release|Any CPU.ActiveCfg = Release|Any CPU
		{F7E62E48-6B4A-4276-A8C4-1C95CEA8D0D0}.Release|Any CPU.Build.0 = Release|Any CPU
	EndGlobalSection
	GlobalSection(SolutionProperties) = preSolution
		HideSolutionNode = FALSE
	EndGlobalSection
	GlobalSection(ExtensibilityGlobals) = postSolution
		SolutionGuid = {D8AB7D2F-FDD8-4FA1-A6D2-A17FDB430EFC}
	EndGlobalSection
EndGlobal
